
Microsoft Visual Studio Solution File, Format Version 12.00
# Visual Studio Version 16
VisualStudioVersion = 16.0.31005.135
MinimumVisualStudioVersion = 10.0.40219.1
Project("{9A19103F-16F7-4668-BE54-9A1E7A4F7556}") = "ApiGateway", "ApiGateway.csproj", "{E1B57030-9DBC-4937-9954-2CBFF1E3565E}"
EndProject
Global
	GlobalSection(SolutionConfigurationPlatforms) = preSolution
		Debug|Any CPU = Debug|Any CPU
		Release|Any CPU = Release|Any CPU
	EndGlobalSection
	GlobalSection(ProjectConfigurationPlatforms) = postSolution
		{E1B57030-9DBC-4937-9954-2CBFF1E3565E}.Debug|Any CPU.ActiveCfg = Debug|Any CPU
		{E1B57030-9DBC-4937-9954-2CBFF1E3565E}.Debug|Any CPU.Build.0 = Debug|Any CPU
		{E1B57030-9DBC-4937-9954-2CBFF1E3565E}.Release|Any CPU.ActiveCfg = Release|Any CPU
		{E1B57030-9DBC-4937-9954-2CBFF1E3565E}.Release|Any CPU.Build.0 = Release|Any CPU
	EndGlobalSection
	GlobalSection(SolutionProperties) = preSolution
		HideSolutionNode = FALSE
	EndGlobalSection
	GlobalSection(ExtensibilityGlobals) = postSolution
		SolutionGuid = {D69A7476-B096-4307-8A84-8C84A139660A}
	EndGlobalSection
EndGlobal
