
Microsoft Visual Studio Solution File, Format Version 12.00
# Visual Studio Version 16
VisualStudioVersion = 16.0.31005.135
MinimumVisualStudioVersion = 10.0.40219.1
Project("{FAE04EC0-301F-11D3-BF4B-00C04F79EFBC}") = "FooService", "FooService.csproj", "{312C4BD6-3D1C-467A-897A-2896656B4E4E}"
EndProject
Global
	GlobalSection(SolutionConfigurationPlatforms) = preSolution
		Debug|Any CPU = Debug|Any CPU
		Release|Any CPU = Release|Any CPU
	EndGlobalSection
	GlobalSection(ProjectConfigurationPlatforms) = postSolution
		{312C4BD6-3D1C-467A-897A-2896656B4E4E}.Debug|Any CPU.ActiveCfg = Debug|Any CPU
		{312C4BD6-3D1C-467A-897A-2896656B4E4E}.Debug|Any CPU.Build.0 = Debug|Any CPU
		{312C4BD6-3D1C-467A-897A-2896656B4E4E}.Release|Any CPU.ActiveCfg = Release|Any CPU
		{312C4BD6-3D1C-467A-897A-2896656B4E4E}.Release|Any CPU.Build.0 = Release|Any CPU
	EndGlobalSection
	GlobalSection(SolutionProperties) = preSolution
		HideSolutionNode = FALSE
	EndGlobalSection
	GlobalSection(ExtensibilityGlobals) = postSolution
		SolutionGuid = {7E4F7A4A-9C82-49B8-898F-C3A9B1A9AA0D}
	EndGlobalSection
EndGlobal
